
Microsoft Visual Studio Solution File, Format Version 12.00
# Visual Studio 15
VisualStudioVersion = 15.0.28307.271
MinimumVisualStudioVersion = 10.0.40219.1
Project("{8BC9CEB8-8B4A-11D0-8D11-00A0C91BC942}") = "Chapter_2", "Chapter_2\Chapter_2.vcxproj", "{C4041850-5A0E-415B-AE90-63ADECF3B981}"
EndProject
Global
	GlobalSection(SolutionConfigurationPlatforms) = preSolution
		Debug|x64 = Debug|x64
		Debug|x86 = Debug|x86
		Release|x64 = Release|x64
		Release|x86 = Release|x86
	EndGlobalSection
	GlobalSection(ProjectConfigurationPlatforms) = postSolution
		{C4041850-5A0E-415B-AE90-63ADECF3B981}.Debug|x64.ActiveCfg = Debug|x64
		{C4041850-5A0E-415B-AE90-63ADECF3B981}.Debug|x64.Build.0 = Debug|x64
		{C4041850-5A0E-415B-AE90-63ADECF3B981}.Debug|x86.ActiveCfg = Debug|Win32
		{C4041850-5A0E-415B-AE90-63ADECF3B981}.Debug|x86.Build.0 = Debug|Win32
		{C4041850-5A0E-415B-AE90-63ADECF3B981}.Release|x64.ActiveCfg = Release|x64
		{C4041850-5A0E-415B-AE90-63ADECF3B981}.Release|x64.Build.0 = Release|x64
		{C4041850-5A0E-415B-AE90-63ADECF3B981}.Release|x86.ActiveCfg = Release|Win32
		{C4041850-5A0E-415B-AE90-63ADECF3B981}.Release|x86.Build.0 = Release|Win32
	EndGlobalSection
	GlobalSection(SolutionProperties) = preSolution
		HideSolutionNode = FALSE
	EndGlobalSection
	GlobalSection(ExtensibilityGlobals) = postSolution
		SolutionGuid = {8270858B-5078-494C-84A5-C89C8C0B38B0}
	EndGlobalSection
EndGlobal
